// !$*UTF8*$!
{
	archiveVersion = 1;
	classes = {
	};
	objectVersion = 51;
	objects = {

/* Begin PBXBuildFile section */
		760730BF2491648200FE0DDC /* HomeViewController.swift in Sources */ = {isa = PBXBuildFile; fileRef = 760730BE2491648200FE0DDC /* HomeViewController.swift */; };
		763E5EE42491DBC700F03FBE /* TweetTableViewCell.swift in Sources */ = {isa = PBXBuildFile; fileRef = 763E5EE22491DBC700F03FBE /* TweetTableViewCell.swift */; };
		763E5EE52491DBC700F03FBE /* TweetTableViewCell.xib in Resources */ = {isa = PBXBuildFile; fileRef = 763E5EE32491DBC700F03FBE /* TweetTableViewCell.xib */; };
		764C1A2C2495AB4D002EF8E4 /* GoogleService-Info.plist in Resources */ = {isa = PBXBuildFile; fileRef = 764C1A2B2495AB4C002EF8E4 /* GoogleService-Info.plist */; };
		76579DDD248EBD6900BA85C5 /* EndPoints.swift in Sources */ = {isa = PBXBuildFile; fileRef = 76579DDC248EBD6900BA85C5 /* EndPoints.swift */; };
		76579DDF248EBE8C00BA85C5 /* PostLocation.swift in Sources */ = {isa = PBXBuildFile; fileRef = 76579DDE248EBE8C00BA85C5 /* PostLocation.swift */; };
		76579DE1248EBEF000BA85C5 /* Post.swift in Sources */ = {isa = PBXBuildFile; fileRef = 76579DE0248EBEF000BA85C5 /* Post.swift */; };
		76579DE3248EBF4700BA85C5 /* User.swift in Sources */ = {isa = PBXBuildFile; fileRef = 76579DE2248EBF4700BA85C5 /* User.swift */; };
		76579DE5248EC0AD00BA85C5 /* LoginResponse.swift in Sources */ = {isa = PBXBuildFile; fileRef = 76579DE4248EC0AD00BA85C5 /* LoginResponse.swift */; };
		76579DE7248EC0C000BA85C5 /* ErrorResponse copy.swift in Sources */ = {isa = PBXBuildFile; fileRef = 76579DE6248EC0C000BA85C5 /* ErrorResponse copy.swift */; };
		76579DE9248EC14100BA85C5 /* GeneralResponse copy.swift in Sources */ = {isa = PBXBuildFile; fileRef = 76579DE8248EC14000BA85C5 /* GeneralResponse copy.swift */; };
		76579DEB248EC18C00BA85C5 /* LoginRequest.swift in Sources */ = {isa = PBXBuildFile; fileRef = 76579DEA248EC18C00BA85C5 /* LoginRequest.swift */; };
		76579DED248EC19800BA85C5 /* RegisterRequest.swift in Sources */ = {isa = PBXBuildFile; fileRef = 76579DEC248EC19800BA85C5 /* RegisterRequest.swift */; };
		76579DEF248EC1B000BA85C5 /* PostRequestLocation.swift in Sources */ = {isa = PBXBuildFile; fileRef = 76579DEE248EC1B000BA85C5 /* PostRequestLocation.swift */; };
		76579DF1248EC1D000BA85C5 /* PostRequest.swift in Sources */ = {isa = PBXBuildFile; fileRef = 76579DF0248EC1D000BA85C5 /* PostRequest.swift */; };
		76624805248AC0E900515D69 /* AppDelegate.swift in Sources */ = {isa = PBXBuildFile; fileRef = 76624804248AC0E900515D69 /* AppDelegate.swift */; };
		76624809248AC0E900515D69 /* ViewController.swift in Sources */ = {isa = PBXBuildFile; fileRef = 76624808248AC0E900515D69 /* ViewController.swift */; };
		7662480E248AC0EC00515D69 /* Assets.xcassets in Resources */ = {isa = PBXBuildFile; fileRef = 7662480D248AC0EC00515D69 /* Assets.xcassets */; };
		76624811248AC0EC00515D69 /* LaunchScreen.storyboard in Resources */ = {isa = PBXBuildFile; fileRef = 7662480F248AC0EC00515D69 /* LaunchScreen.storyboard */; };
		7662481C248ACD6200515D69 /* Welcome.storyboard in Resources */ = {isa = PBXBuildFile; fileRef = 7662481B248ACD6200515D69 /* Welcome.storyboard */; };
		7662481E248AE77600515D69 /* WelcomeViewController.swift in Sources */ = {isa = PBXBuildFile; fileRef = 7662481D248AE77600515D69 /* WelcomeViewController.swift */; };
		76624820248AE7A300515D69 /* LoginViewController.swift in Sources */ = {isa = PBXBuildFile; fileRef = 7662481F248AE7A300515D69 /* LoginViewController.swift */; };
		76624822248AE7B300515D69 /* RegisterViewController.swift in Sources */ = {isa = PBXBuildFile; fileRef = 76624821248AE7B300515D69 /* RegisterViewController.swift */; };
		76624825248B203A00515D69 /* Home.storyboard in Resources */ = {isa = PBXBuildFile; fileRef = 76624824248B203A00515D69 /* Home.storyboard */; };
		766DCB1E24946EE000916A6E /* PostTweetViewController.swift in Sources */ = {isa = PBXBuildFile; fileRef = 766DCB1D24946EE000916A6E /* PostTweetViewController.swift */; };
		7716BBD24D6EB9E5C7D180CA /* Pods_PlatziTweets.framework in Frameworks */ = {isa = PBXBuildFile; fileRef = 099E7330DF4250A90701C74B /* Pods_PlatziTweets.framework */; };
/* End PBXBuildFile section */

/* Begin PBXFileReference section */
		099E7330DF4250A90701C74B /* Pods_PlatziTweets.framework */ = {isa = PBXFileReference; explicitFileType = wrapper.framework; includeInIndex = 0; path = Pods_PlatziTweets.framework; sourceTree = BUILT_PRODUCTS_DIR; };
		4901063DDCDFF33F3F491A23 /* Pods-PlatziTweets.debug.xcconfig */ = {isa = PBXFileReference; includeInIndex = 1; lastKnownFileType = text.xcconfig; name = "Pods-PlatziTweets.debug.xcconfig"; path = "Target Support Files/Pods-PlatziTweets/Pods-PlatziTweets.debug.xcconfig"; sourceTree = "<group>"; };
		75D225AB61F073AB94720CCF /* Pods-PlatziTweets.release.xcconfig */ = {isa = PBXFileReference; includeInIndex = 1; lastKnownFileType = text.xcconfig; name = "Pods-PlatziTweets.release.xcconfig"; path = "Target Support Files/Pods-PlatziTweets/Pods-PlatziTweets.release.xcconfig"; sourceTree = "<group>"; };
		760730BE2491648200FE0DDC /* HomeViewController.swift */ = {isa = PBXFileReference; lastKnownFileType = sourcecode.swift; path = HomeViewController.swift; sourceTree = "<group>"; };
		763E5EE22491DBC700F03FBE /* TweetTableViewCell.swift */ = {isa = PBXFileReference; lastKnownFileType = sourcecode.swift; path = TweetTableViewCell.swift; sourceTree = "<group>"; };
		763E5EE32491DBC700F03FBE /* TweetTableViewCell.xib */ = {isa = PBXFileReference; lastKnownFileType = file.xib; path = TweetTableViewCell.xib; sourceTree = "<group>"; };
		764C1A2B2495AB4C002EF8E4 /* GoogleService-Info.plist */ = {isa = PBXFileReference; fileEncoding = 4; lastKnownFileType = text.plist.xml; path = "GoogleService-Info.plist"; sourceTree = "<group>"; };
		76579DDC248EBD6900BA85C5 /* EndPoints.swift */ = {isa = PBXFileReference; lastKnownFileType = sourcecode.swift; path = EndPoints.swift; sourceTree = "<group>"; };
		76579DDE248EBE8C00BA85C5 /* PostLocation.swift */ = {isa = PBXFileReference; lastKnownFileType = sourcecode.swift; path = PostLocation.swift; sourceTree = "<group>"; };
		76579DE0248EBEF000BA85C5 /* Post.swift */ = {isa = PBXFileReference; lastKnownFileType = sourcecode.swift; path = Post.swift; sourceTree = "<group>"; };
		76579DE2248EBF4700BA85C5 /* User.swift */ = {isa = PBXFileReference; lastKnownFileType = sourcecode.swift; path = User.swift; sourceTree = "<group>"; };
		76579DE4248EC0AD00BA85C5 /* LoginResponse.swift */ = {isa = PBXFileReference; lastKnownFileType = sourcecode.swift; path = LoginResponse.swift; sourceTree = "<group>"; };
		76579DE6248EC0C000BA85C5 /* ErrorResponse copy.swift */ = {isa = PBXFileReference; lastKnownFileType = sourcecode.swift; path = "ErrorResponse copy.swift"; sourceTree = "<group>"; };
		76579DE8248EC14000BA85C5 /* GeneralResponse copy.swift */ = {isa = PBXFileReference; lastKnownFileType = sourcecode.swift; path = "GeneralResponse copy.swift"; sourceTree = "<group>"; };
		76579DEA248EC18C00BA85C5 /* LoginRequest.swift */ = {isa = PBXFileReference; lastKnownFileType = sourcecode.swift; path = LoginRequest.swift; sourceTree = "<group>"; };
		76579DEC248EC19800BA85C5 /* RegisterRequest.swift */ = {isa = PBXFileReference; lastKnownFileType = sourcecode.swift; path = RegisterRequest.swift; sourceTree = "<group>"; };
		76579DEE248EC1B000BA85C5 /* PostRequestLocation.swift */ = {isa = PBXFileReference; lastKnownFileType = sourcecode.swift; path = PostRequestLocation.swift; sourceTree = "<group>"; };
		76579DF0248EC1D000BA85C5 /* PostRequest.swift */ = {isa = PBXFileReference; lastKnownFileType = sourcecode.swift; path = PostRequest.swift; sourceTree = "<group>"; };
		76624801248AC0E900515D69 /* PlatziTweets.app */ = {isa = PBXFileReference; explicitFileType = wrapper.application; includeInIndex = 0; path = PlatziTweets.app; sourceTree = BUILT_PRODUCTS_DIR; };
		76624804248AC0E900515D69 /* AppDelegate.swift */ = {isa = PBXFileReference; lastKnownFileType = sourcecode.swift; path = AppDelegate.swift; sourceTree = "<group>"; };
		76624808248AC0E900515D69 /* ViewController.swift */ = {isa = PBXFileReference; lastKnownFileType = sourcecode.swift; path = ViewController.swift; sourceTree = "<group>"; };
		7662480D248AC0EC00515D69 /* Assets.xcassets */ = {isa = PBXFileReference; lastKnownFileType = folder.assetcatalog; path = Assets.xcassets; sourceTree = "<group>"; };
		76624810248AC0EC00515D69 /* Base */ = {isa = PBXFileReference; lastKnownFileType = file.storyboard; name = Base; path = Base.lproj/LaunchScreen.storyboard; sourceTree = "<group>"; };
		76624812248AC0EC00515D69 /* Info.plist */ = {isa = PBXFileReference; lastKnownFileType = text.plist.xml; path = Info.plist; sourceTree = "<group>"; };
		7662481B248ACD6200515D69 /* Welcome.storyboard */ = {isa = PBXFileReference; lastKnownFileType = file.storyboard; path = Welcome.storyboard; sourceTree = "<group>"; };
		7662481D248AE77600515D69 /* WelcomeViewController.swift */ = {isa = PBXFileReference; lastKnownFileType = sourcecode.swift; path = WelcomeViewController.swift; sourceTree = "<group>"; };
		7662481F248AE7A300515D69 /* LoginViewController.swift */ = {isa = PBXFileReference; lastKnownFileType = sourcecode.swift; path = LoginViewController.swift; sourceTree = "<group>"; };
		76624821248AE7B300515D69 /* RegisterViewController.swift */ = {isa = PBXFileReference; lastKnownFileType = sourcecode.swift; path = RegisterViewController.swift; sourceTree = "<group>"; };
		76624824248B203A00515D69 /* Home.storyboard */ = {isa = PBXFileReference; lastKnownFileType = file.storyboard; path = Home.storyboard; sourceTree = "<group>"; };
		766DCB1D24946EE000916A6E /* PostTweetViewController.swift */ = {isa = PBXFileReference; lastKnownFileType = sourcecode.swift; path = PostTweetViewController.swift; sourceTree = "<group>"; };
/* End PBXFileReference section */

/* Begin PBXFrameworksBuildPhase section */
		766247FE248AC0E900515D69 /* Frameworks */ = {
			isa = PBXFrameworksBuildPhase;
			buildActionMask = 2147483647;
			files = (
				7716BBD24D6EB9E5C7D180CA /* Pods_PlatziTweets.framework in Frameworks */,
			);
			runOnlyForDeploymentPostprocessing = 0;
		};
/* End PBXFrameworksBuildPhase section */

/* Begin PBXGroup section */
		724F4CFD198F6016D217F048 /* Frameworks */ = {
			isa = PBXGroup;
			children = (
				099E7330DF4250A90701C74B /* Pods_PlatziTweets.framework */,
			);
			name = Frameworks;
			sourceTree = "<group>";
		};
		763E5EE12491DB9200F03FBE /* Cells */ = {
			isa = PBXGroup;
			children = (
				763E5EE22491DBC700F03FBE /* TweetTableViewCell.swift */,
				763E5EE32491DBC700F03FBE /* TweetTableViewCell.xib */,
			);
			path = Cells;
			sourceTree = "<group>";
		};
		76579DD9248EBCC300BA85C5 /* Models */ = {
			isa = PBXGroup;
			children = (
				76579DDB248EBCD900BA85C5 /* Responses */,
				76579DDA248EBCCF00BA85C5 /* Requests */,
				76579DE0248EBEF000BA85C5 /* Post.swift */,
				76579DE2248EBF4700BA85C5 /* User.swift */,
				76579DDE248EBE8C00BA85C5 /* PostLocation.swift */,
			);
			path = Models;
			sourceTree = "<group>";
		};
		76579DDA248EBCCF00BA85C5 /* Requests */ = {
			isa = PBXGroup;
			children = (
				76579DEC248EC19800BA85C5 /* RegisterRequest.swift */,
				76579DEE248EC1B000BA85C5 /* PostRequestLocation.swift */,
				76579DF0248EC1D000BA85C5 /* PostRequest.swift */,
				76579DEA248EC18C00BA85C5 /* LoginRequest.swift */,
			);
			path = Requests;
			sourceTree = "<group>";
		};
		76579DDB248EBCD900BA85C5 /* Responses */ = {
			isa = PBXGroup;
			children = (
				76579DE6248EC0C000BA85C5 /* ErrorResponse copy.swift */,
				76579DE8248EC14000BA85C5 /* GeneralResponse copy.swift */,
				76579DE4248EC0AD00BA85C5 /* LoginResponse.swift */,
			);
			path = Responses;
			sourceTree = "<group>";
		};
		766247F8248AC0E900515D69 = {
			isa = PBXGroup;
			children = (
				76624803248AC0E900515D69 /* PlatziTweets */,
				76624802248AC0E900515D69 /* Products */,
				B0DAC5604782EF73353162DD /* Pods */,
				724F4CFD198F6016D217F048 /* Frameworks */,
			);
			sourceTree = "<group>";
		};
		76624802248AC0E900515D69 /* Products */ = {
			isa = PBXGroup;
			children = (
				76624801248AC0E900515D69 /* PlatziTweets.app */,
			);
			name = Products;
			sourceTree = "<group>";
		};
		76624803248AC0E900515D69 /* PlatziTweets */ = {
			isa = PBXGroup;
			children = (
				76624819248ACD1400515D69 /* Modules */,
				76624818248ACCAA00515D69 /* Commons */,
				76624812248AC0EC00515D69 /* Info.plist */,
			);
			path = PlatziTweets;
			sourceTree = "<group>";
		};
		76624818248ACCAA00515D69 /* Commons */ = {
			isa = PBXGroup;
			children = (
				764C1A2B2495AB4C002EF8E4 /* GoogleService-Info.plist */,
				76579DD9248EBCC300BA85C5 /* Models */,
				76624808248AC0E900515D69 /* ViewController.swift */,
				7662480D248AC0EC00515D69 /* Assets.xcassets */,
				7662480F248AC0EC00515D69 /* LaunchScreen.storyboard */,
				76624804248AC0E900515D69 /* AppDelegate.swift */,
				76579DDC248EBD6900BA85C5 /* EndPoints.swift */,
			);
			path = Commons;
			sourceTree = "<group>";
		};
		76624819248ACD1400515D69 /* Modules */ = {
			isa = PBXGroup;
			children = (
				76624823248B1BCE00515D69 /* Home */,
				7662481A248ACD4000515D69 /* Welcome */,
			);
			path = Modules;
			sourceTree = "<group>";
		};
		7662481A248ACD4000515D69 /* Welcome */ = {
			isa = PBXGroup;
			children = (
				7662481B248ACD6200515D69 /* Welcome.storyboard */,
				7662481D248AE77600515D69 /* WelcomeViewController.swift */,
				7662481F248AE7A300515D69 /* LoginViewController.swift */,
				76624821248AE7B300515D69 /* RegisterViewController.swift */,
			);
			path = Welcome;
			sourceTree = "<group>";
		};
		76624823248B1BCE00515D69 /* Home */ = {
			isa = PBXGroup;
			children = (
				763E5EE12491DB9200F03FBE /* Cells */,
				76624824248B203A00515D69 /* Home.storyboard */,
				760730BE2491648200FE0DDC /* HomeViewController.swift */,
				766DCB1D24946EE000916A6E /* PostTweetViewController.swift */,
			);
			path = Home;
			sourceTree = "<group>";
		};
		B0DAC5604782EF73353162DD /* Pods */ = {
			isa = PBXGroup;
			children = (
				4901063DDCDFF33F3F491A23 /* Pods-PlatziTweets.debug.xcconfig */,
				75D225AB61F073AB94720CCF /* Pods-PlatziTweets.release.xcconfig */,
			);
			path = Pods;
			sourceTree = "<group>";
		};
/* End PBXGroup section */

/* Begin PBXNativeTarget section */
		76624800248AC0E900515D69 /* PlatziTweets */ = {
			isa = PBXNativeTarget;
			buildConfigurationList = 76624815248AC0EC00515D69 /* Build configuration list for PBXNativeTarget "PlatziTweets" */;
			buildPhases = (
				7ADDD14787FC2F6E980E222E /* [CP] Check Pods Manifest.lock */,
				766247FD248AC0E900515D69 /* Sources */,
				766247FE248AC0E900515D69 /* Frameworks */,
				766247FF248AC0E900515D69 /* Resources */,
				A009FB07EF4CD9ADDED89FFE /* [CP] Embed Pods Frameworks */,
			);
			buildRules = (
			);
			dependencies = (
			);
			name = PlatziTweets;
			productName = PlatziTweets;
			productReference = 76624801248AC0E900515D69 /* PlatziTweets.app */;
			productType = "com.apple.product-type.application";
		};
/* End PBXNativeTarget section */

/* Begin PBXProject section */
		766247F9248AC0E900515D69 /* Project object */ = {
			isa = PBXProject;
			attributes = {
				LastSwiftUpdateCheck = 1150;
				LastUpgradeCheck = 1150;
				ORGANIZATIONNAME = "Rene Corrales";
				TargetAttributes = {
					76624800248AC0E900515D69 = {
						CreatedOnToolsVersion = 11.5;
					};
				};
			};
			buildConfigurationList = 766247FC248AC0E900515D69 /* Build configuration list for PBXProject "PlatziTweets" */;
			compatibilityVersion = "Xcode 9.3";
			developmentRegion = en;
			hasScannedForEncodings = 0;
			knownRegions = (
				en,
				Base,
			);
			mainGroup = 766247F8248AC0E900515D69;
			productRefGroup = 76624802248AC0E900515D69 /* Products */;
			projectDirPath = "";
			projectRoot = "";
			targets = (
				76624800248AC0E900515D69 /* PlatziTweets */,
			);
		};
/* End PBXProject section */

/* Begin PBXResourcesBuildPhase section */
		766247FF248AC0E900515D69 /* Resources */ = {
			isa = PBXResourcesBuildPhase;
			buildActionMask = 2147483647;
			files = (
				763E5EE52491DBC700F03FBE /* TweetTableViewCell.xib in Resources */,
				76624811248AC0EC00515D69 /* LaunchScreen.storyboard in Resources */,
				7662480E248AC0EC00515D69 /* Assets.xcassets in Resources */,
				7662481C248ACD6200515D69 /* Welcome.storyboard in Resources */,
				76624825248B203A00515D69 /* Home.storyboard in Resources */,
				764C1A2C2495AB4D002EF8E4 /* GoogleService-Info.plist in Resources */,
			);
			runOnlyForDeploymentPostprocessing = 0;
		};
/* End PBXResourcesBuildPhase section */

/* Begin PBXShellScriptBuildPhase section */
		7ADDD14787FC2F6E980E222E /* [CP] Check Pods Manifest.lock */ = {
			isa = PBXShellScriptBuildPhase;
			buildActionMask = 2147483647;
			files = (
			);
			inputFileListPaths = (
			);
			inputPaths = (
				"${PODS_PODFILE_DIR_PATH}/Podfile.lock",
				"${PODS_ROOT}/Manifest.lock",
			);
			name = "[CP] Check Pods Manifest.lock";
			outputFileListPaths = (
			);
			outputPaths = (
				"$(DERIVED_FILE_DIR)/Pods-PlatziTweets-checkManifestLockResult.txt",
			);
			runOnlyForDeploymentPostprocessing = 0;
			shellPath = /bin/sh;
			shellScript = "diff \"${PODS_PODFILE_DIR_PATH}/Podfile.lock\" \"${PODS_ROOT}/Manifest.lock\" > /dev/null\nif [ $? != 0 ] ; then\n    # print error to STDERR\n    echo \"error: The sandbox is not in sync with the Podfile.lock. Run 'pod install' or update your CocoaPods installation.\" >&2\n    exit 1\nfi\n# This output is used by Xcode 'outputs' to avoid re-running this script phase.\necho \"SUCCESS\" > \"${SCRIPT_OUTPUT_FILE_0}\"\n";
			showEnvVarsInLog = 0;
		};
		A009FB07EF4CD9ADDED89FFE /* [CP] Embed Pods Frameworks */ = {
			isa = PBXShellScriptBuildPhase;
			buildActionMask = 2147483647;
			files = (
			);
			inputFileListPaths = (
				"${PODS_ROOT}/Target Support Files/Pods-PlatziTweets/Pods-PlatziTweets-frameworks-${CONFIGURATION}-input-files.xcfilelist",
			);
			name = "[CP] Embed Pods Frameworks";
			outputFileListPaths = (
				"${PODS_ROOT}/Target Support Files/Pods-PlatziTweets/Pods-PlatziTweets-frameworks-${CONFIGURATION}-output-files.xcfilelist",
			);
			runOnlyForDeploymentPostprocessing = 0;
			shellPath = /bin/sh;
			shellScript = "\"${PODS_ROOT}/Target Support Files/Pods-PlatziTweets/Pods-PlatziTweets-frameworks.sh\"\n";
			showEnvVarsInLog = 0;
		};
/* End PBXShellScriptBuildPhase section */

/* Begin PBXSourcesBuildPhase section */
		766247FD248AC0E900515D69 /* Sources */ = {
			isa = PBXSourcesBuildPhase;
			buildActionMask = 2147483647;
			files = (
				76624820248AE7A300515D69 /* LoginViewController.swift in Sources */,
				76624822248AE7B300515D69 /* RegisterViewController.swift in Sources */,
				7662481E248AE77600515D69 /* WelcomeViewController.swift in Sources */,
				760730BF2491648200FE0DDC /* HomeViewController.swift in Sources */,
				76579DE1248EBEF000BA85C5 /* Post.swift in Sources */,
				76624809248AC0E900515D69 /* ViewController.swift in Sources */,
				76579DE5248EC0AD00BA85C5 /* LoginResponse.swift in Sources */,
				76579DEB248EC18C00BA85C5 /* LoginRequest.swift in Sources */,
				76579DEF248EC1B000BA85C5 /* PostRequestLocation.swift in Sources */,
				76579DDD248EBD6900BA85C5 /* EndPoints.swift in Sources */,
				76579DDF248EBE8C00BA85C5 /* PostLocation.swift in Sources */,
				763E5EE42491DBC700F03FBE /* TweetTableViewCell.swift in Sources */,
				76579DE7248EC0C000BA85C5 /* ErrorResponse copy.swift in Sources */,
				76579DF1248EC1D000BA85C5 /* PostRequest.swift in Sources */,
				76579DE9248EC14100BA85C5 /* GeneralResponse copy.swift in Sources */,
				76624805248AC0E900515D69 /* AppDelegate.swift in Sources */,
				76579DED248EC19800BA85C5 /* RegisterRequest.swift in Sources */,
				76579DE3248EBF4700BA85C5 /* User.swift in Sources */,
				766DCB1E24946EE000916A6E /* PostTweetViewController.swift in Sources */,
			);
			runOnlyForDeploymentPostprocessing = 0;
		};
/* End PBXSourcesBuildPhase section */

/* Begin PBXVariantGroup section */
		7662480F248AC0EC00515D69 /* LaunchScreen.storyboard */ = {
			isa = PBXVariantGroup;
			children = (
				76624810248AC0EC00515D69 /* Base */,
			);
			name = LaunchScreen.storyboard;
			sourceTree = "<group>";
		};
/* End PBXVariantGroup section */

/* Begin XCBuildConfiguration section */
		76624813248AC0EC00515D69 /* Debug */ = {
			isa = XCBuildConfiguration;
			buildSettings = {
				ALWAYS_SEARCH_USER_PATHS = NO;
				CLANG_ANALYZER_NONNULL = YES;
				CLANG_ANALYZER_NUMBER_OBJECT_CONVERSION = YES_AGGRESSIVE;
				CLANG_CXX_LANGUAGE_STANDARD = "gnu++14";
				CLANG_CXX_LIBRARY = "libc++";
				CLANG_ENABLE_MODULES = YES;
				CLANG_ENABLE_OBJC_ARC = YES;
				CLANG_ENABLE_OBJC_WEAK = YES;
				CLANG_WARN_BLOCK_CAPTURE_AUTORELEASING = YES;
				CLANG_WARN_BOOL_CONVERSION = YES;
				CLANG_WARN_COMMA = YES;
				CLANG_WARN_CONSTANT_CONVERSION = YES;
				CLANG_WARN_DEPRECATED_OBJC_IMPLEMENTATIONS = YES;
				CLANG_WARN_DIRECT_OBJC_ISA_USAGE = YES_ERROR;
				CLANG_WARN_DOCUMENTATION_COMMENTS = YES;
				CLANG_WARN_EMPTY_BODY = YES;
				CLANG_WARN_ENUM_CONVERSION = YES;
				CLANG_WARN_INFINITE_RECURSION = YES;
				CLANG_WARN_INT_CONVERSION = YES;
				CLANG_WARN_NON_LITERAL_NULL_CONVERSION = YES;
				CLANG_WARN_OBJC_IMPLICIT_RETAIN_SELF = YES;
				CLANG_WARN_OBJC_LITERAL_CONVERSION = YES;
				CLANG_WARN_OBJC_ROOT_CLASS = YES_ERROR;
				CLANG_WARN_RANGE_LOOP_ANALYSIS = YES;
				CLANG_WARN_STRICT_PROTOTYPES = YES;
				CLANG_WARN_SUSPICIOUS_MOVE = YES;
				CLANG_WARN_UNGUARDED_AVAILABILITY = YES_AGGRESSIVE;
				CLANG_WARN_UNREACHABLE_CODE = YES;
				CLANG_WARN__DUPLICATE_METHOD_MATCH = YES;
				COPY_PHASE_STRIP = NO;
				DEBUG_INFORMATION_FORMAT = dwarf;
				ENABLE_STRICT_OBJC_MSGSEND = YES;
				ENABLE_TESTABILITY = YES;
				GCC_C_LANGUAGE_STANDARD = gnu11;
				GCC_DYNAMIC_NO_PIC = NO;
				GCC_NO_COMMON_BLOCKS = YES;
				GCC_OPTIMIZATION_LEVEL = 0;
				GCC_PREPROCESSOR_DEFINITIONS = (
					"DEBUG=1",
					"$(inherited)",
				);
				GCC_WARN_64_TO_32_BIT_CONVERSION = YES;
				GCC_WARN_ABOUT_RETURN_TYPE = YES_ERROR;
				GCC_WARN_UNDECLARED_SELECTOR = YES;
				GCC_WARN_UNINITIALIZED_AUTOS = YES_AGGRESSIVE;
				GCC_WARN_UNUSED_FUNCTION = YES;
				GCC_WARN_UNUSED_VARIABLE = YES;
				IPHONEOS_DEPLOYMENT_TARGET = 13.5;
				MTL_ENABLE_DEBUG_INFO = INCLUDE_SOURCE;
				MTL_FAST_MATH = YES;
				ONLY_ACTIVE_ARCH = YES;
				SDKROOT = iphoneos;
				SWIFT_ACTIVE_COMPILATION_CONDITIONS = DEBUG;
				SWIFT_OPTIMIZATION_LEVEL = "-Onone";
			};
			name = Debug;
		};
		76624814248AC0EC00515D69 /* Release */ = {
			isa = XCBuildConfiguration;
			buildSettings = {
				ALWAYS_SEARCH_USER_PATHS = NO;
				CLANG_ANALYZER_NONNULL = YES;
				CLANG_ANALYZER_NUMBER_OBJECT_CONVERSION = YES_AGGRESSIVE;
				CLANG_CXX_LANGUAGE_STANDARD = "gnu++14";
				CLANG_CXX_LIBRARY = "libc++";
				CLANG_ENABLE_MODULES = YES;
				CLANG_ENABLE_OBJC_ARC = YES;
				CLANG_ENABLE_OBJC_WEAK = YES;
				CLANG_WARN_BLOCK_CAPTURE_AUTORELEASING = YES;
				CLANG_WARN_BOOL_CONVERSION = YES;
				CLANG_WARN_COMMA = YES;
				CLANG_WARN_CONSTANT_CONVERSION = YES;
				CLANG_WARN_DEPRECATED_OBJC_IMPLEMENTATIONS = YES;
				CLANG_WARN_DIRECT_OBJC_ISA_USAGE = YES_ERROR;
				CLANG_WARN_DOCUMENTATION_COMMENTS = YES;
				CLANG_WARN_EMPTY_BODY = YES;
				CLANG_WARN_ENUM_CONVERSION = YES;
				CLANG_WARN_INFINITE_RECURSION = YES;
				CLANG_WARN_INT_CONVERSION = YES;
				CLANG_WARN_NON_LITERAL_NULL_CONVERSION = YES;
				CLANG_WARN_OBJC_IMPLICIT_RETAIN_SELF = YES;
				CLANG_WARN_OBJC_LITERAL_CONVERSION = YES;
				CLANG_WARN_OBJC_ROOT_CLASS = YES_ERROR;
				CLANG_WARN_RANGE_LOOP_ANALYSIS = YES;
				CLANG_WARN_STRICT_PROTOTYPES = YES;
				CLANG_WARN_SUSPICIOUS_MOVE = YES;
				CLANG_WARN_UNGUARDED_AVAILABILITY = YES_AGGRESSIVE;
				CLANG_WARN_UNREACHABLE_CODE = YES;
				CLANG_WARN__DUPLICATE_METHOD_MATCH = YES;
				COPY_PHASE_STRIP = NO;
				DEBUG_INFORMATION_FORMAT = "dwarf-with-dsym";
				ENABLE_NS_ASSERTIONS = NO;
				ENABLE_STRICT_OBJC_MSGSEND = YES;
				GCC_C_LANGUAGE_STANDARD = gnu11;
				GCC_NO_COMMON_BLOCKS = YES;
				GCC_WARN_64_TO_32_BIT_CONVERSION = YES;
				GCC_WARN_ABOUT_RETURN_TYPE = YES_ERROR;
				GCC_WARN_UNDECLARED_SELECTOR = YES;
				GCC_WARN_UNINITIALIZED_AUTOS = YES_AGGRESSIVE;
				GCC_WARN_UNUSED_FUNCTION = YES;
				GCC_WARN_UNUSED_VARIABLE = YES;
				IPHONEOS_DEPLOYMENT_TARGET = 13.5;
				MTL_ENABLE_DEBUG_INFO = NO;
				MTL_FAST_MATH = YES;
				SDKROOT = iphoneos;
				SWIFT_COMPILATION_MODE = wholemodule;
				SWIFT_OPTIMIZATION_LEVEL = "-O";
				VALIDATE_PRODUCT = YES;
			};
			name = Release;
		};
		76624816248AC0EC00515D69 /* Debug */ = {
			isa = XCBuildConfiguration;
			baseConfigurationReference = 4901063DDCDFF33F3F491A23 /* Pods-PlatziTweets.debug.xcconfig */;
			buildSettings = {
				ASSETCATALOG_COMPILER_APPICON_NAME = AppIcon;
				CODE_SIGN_STYLE = Automatic;
				DEVELOPMENT_TEAM = Q3ZV44D2SB;
				INFOPLIST_FILE = PlatziTweets/Info.plist;
				IPHONEOS_DEPLOYMENT_TARGET = 10.3;
				LD_RUNPATH_SEARCH_PATHS = (
					"$(inherited)",
					"@executable_path/Frameworks",
				);
				PRODUCT_BUNDLE_IDENTIFIER = con.ruckonic.AppPetition.PlatziTweets;
				PRODUCT_NAME = "$(TARGET_NAME)";
				SWIFT_VERSION = 5.0;
				TARGETED_DEVICE_FAMILY = 1;
			};
			name = Debug;
		};
		76624817248AC0EC00515D69 /* Release */ = {
			isa = XCBuildConfiguration;
			baseConfigurationReference = 75D225AB61F073AB94720CCF /* Pods-PlatziTweets.release.xcconfig */;
			buildSettings = {
				ASSETCATALOG_COMPILER_APPICON_NAME = AppIcon;
				CODE_SIGN_STYLE = Automatic;
				DEVELOPMENT_TEAM = Q3ZV44D2SB;
				INFOPLIST_FILE = PlatziTweets/Info.plist;
				IPHONEOS_DEPLOYMENT_TARGET = 10.3;
				LD_RUNPATH_SEARCH_PATHS = (
					"$(inherited)",
					"@executable_path/Frameworks",
				);
				PRODUCT_BUNDLE_IDENTIFIER = con.ruckonic.AppPetition.PlatziTweets;
				PRODUCT_NAME = "$(TARGET_NAME)";
				SWIFT_VERSION = 5.0;
				TARGETED_DEVICE_FAMILY = 1;
			};
			name = Release;
		};
/* End XCBuildConfiguration section */

/* Begin XCConfigurationList section */
		766247FC248AC0E900515D69 /* Build configuration list for PBXProject "PlatziTweets" */ = {
			isa = XCConfigurationList;
			buildConfigurations = (
				76624813248AC0EC00515D69 /* Debug */,
				76624814248AC0EC00515D69 /* Release */,
			);
			defaultConfigurationIsVisible = 0;
			defaultConfigurationName = Release;
		};
		76624815248AC0EC00515D69 /* Build configuration list for PBXNativeTarget "PlatziTweets" */ = {
			isa = XCConfigurationList;
			buildConfigurations = (
				76624816248AC0EC00515D69 /* Debug */,
				76624817248AC0EC00515D69 /* Release */,
			);
			defaultConfigurationIsVisible = 0;
			defaultConfigurationName = Release;
		};
/* End XCConfigurationList section */
	};
	rootObject = 766247F9248AC0E900515D69 /* Project object */;
}
